// !$*UTF8*$!
{
	archiveVersion = 1;
	classes = {
	};
	objectVersion = 46;
	objects = {

/* Begin PBXBuildFile section */
		A24D26121BBCDA4D00CC1AB0 /* main.cpp in Sources */ = {isa = PBXBuildFile; fileRef = A24D26111BBCDA4D00CC1AB0 /* main.cpp */; };
/* End PBXBuildFile section */

/* Begin PBXCopyFilesBuildPhase section */
		A24D260C1BBCDA4D00CC1AB0 /* CopyFiles */ = {
			isa = PBXCopyFilesBuildPhase;
			buildActionMask = 2147483647;
			dstPath = /usr/share/man/man1/;
			dstSubfolderSpec = 0;
			files = (
			);
			runOnlyForDeploymentPostprocessing = 1;
		};
/* End PBXCopyFilesBuildPhase section */

/* Begin PBXFileReference section */
		A24D260E1BBCDA4D00CC1AB0 /* PA01_two_humans */ = {isa = PBXFileReference; explicitFileType = "compiled.mach-o.executable"; includeInIndex = 0; path = PA01_two_humans; sourceTree = BUILT_PRODUCTS_DIR; };
		A24D26111BBCDA4D00CC1AB0 /* main.cpp */ = {isa = PBXFileReference; lastKnownFileType = sourcecode.cpp.cpp; path = main.cpp; sourceTree = "<group>"; };
/* End PBXFileReference section */

/* Begin PBXFrameworksBuildPhase section */
		A24D260B1BBCDA4D00CC1AB0 /* Frameworks */ = {
			isa = PBXFrameworksBuildPhase;
			buildActionMask = 2147483647;
			files = (
			);
			runOnlyForDeploymentPostprocessing = 0;
		};
/* End PBXFrameworksBuildPhase section */

/* Begin PBXGroup section */
		A24D26051BBCDA4D00CC1AB0 = {
			isa = PBXGroup;
			children = (
				A24D26101BBCDA4D00CC1AB0 /* PA01_two_humans */,
				A24D260F1BBCDA4D00CC1AB0 /* Products */,
			);
			sourceTree = "<group>";
		};
		A24D260F1BBCDA4D00CC1AB0 /* Products */ = {
			isa = PBXGroup;
			children = (
				A24D260E1BBCDA4D00CC1AB0 /* PA01_two_humans */,
			);
			name = Products;
			sourceTree = "<group>";
		};
		A24D26101BBCDA4D00CC1AB0 /* PA01_two_humans */ = {
			isa = PBXGroup;
			children = (
				A24D26111BBCDA4D00CC1AB0 /* main.cpp */,
			);
			path = PA01_two_humans;
			sourceTree = "<group>";
		};
/* End PBXGroup section */

/* Begin PBXNativeTarget section */
		A24D260D1BBCDA4D00CC1AB0 /* PA01_two_humans */ = {
			isa = PBXNativeTarget;
			buildConfigurationList = A24D26151BBCDA4D00CC1AB0 /* Build configuration list for PBXNativeTarget "PA01_two_humans" */;
			buildPhases = (
				A24D260A1BBCDA4D00CC1AB0 /* Sources */,
				A24D260B1BBCDA4D00CC1AB0 /* Frameworks */,
				A24D260C1BBCDA4D00CC1AB0 /* CopyFiles */,
			);
			buildRules = (
			);
			dependencies = (
			);
			name = PA01_two_humans;
			productName = PA01_two_humans;
			productReference = A24D260E1BBCDA4D00CC1AB0 /* PA01_two_humans */;
			productType = "com.apple.product-type.tool";
		};
/* End PBXNativeTarget section */

/* Begin PBXProject section */
		A24D26061BBCDA4D00CC1AB0 /* Project object */ = {
			isa = PBXProject;
			attributes = {
				LastUpgradeCheck = 0700;
				ORGANIZATIONNAME = "Kelly Sovacool";
				TargetAttributes = {
					A24D260D1BBCDA4D00CC1AB0 = {
						CreatedOnToolsVersion = 7.0;
					};
				};
			};
			buildConfigurationList = A24D26091BBCDA4D00CC1AB0 /* Build configuration list for PBXProject "PA01_two_humans" */;
			compatibilityVersion = "Xcode 3.2";
			developmentRegion = English;
			hasScannedForEncodings = 0;
			knownRegions = (
				en,
			);
			mainGroup = A24D26051BBCDA4D00CC1AB0;
			productRefGroup = A24D260F1BBCDA4D00CC1AB0 /* Products */;
			projectDirPath = "";
			projectRoot = "";
			targets = (
				A24D260D1BBCDA4D00CC1AB0 /* PA01_two_humans */,
			);
		};
/* End PBXProject section */

/* Begin PBXSourcesBuildPhase section */
		A24D260A1BBCDA4D00CC1AB0 /* Sources */ = {
			isa = PBXSourcesBuildPhase;
			buildActionMask = 2147483647;
			files = (
				A24D26121BBCDA4D00CC1AB0 /* main.cpp in Sources */,
			);
			runOnlyForDeploymentPostprocessing = 0;
		};
/* End PBXSourcesBuildPhase section */

/* Begin XCBuildConfiguration section */
		A24D26131BBCDA4D00CC1AB0 /* Debug */ = {
			isa = XCBuildConfiguration;
			buildSettings = {
				ALWAYS_SEARCH_USER_PATHS = NO;
				CLANG_CXX_LANGUAGE_STANDARD = "gnu++0x";
				CLANG_CXX_LIBRARY = "libc++";
				CLANG_ENABLE_MODULES = YES;
				CLANG_ENABLE_OBJC_ARC = YES;
				CLANG_WARN_BOOL_CONVERSION = YES;
				CLANG_WARN_CONSTANT_CONVERSION = YES;
				CLANG_WARN_DIRECT_OBJC_ISA_USAGE = YES_ERROR;
				CLANG_WARN_EMPTY_BODY = YES;
				CLANG_WARN_ENUM_CONVERSION = YES;
				CLANG_WARN_INT_CONVERSION = YES;
				CLANG_WARN_OBJC_ROOT_CLASS = YES_ERROR;
				CLANG_WARN_UNREACHABLE_CODE = YES;
				CLANG_WARN__DUPLICATE_METHOD_MATCH = YES;
				COPY_PHASE_STRIP = NO;
				DEBUG_INFORMATION_FORMAT = dwarf;
				ENABLE_STRICT_OBJC_MSGSEND = YES;
				ENABLE_TESTABILITY = YES;
				GCC_C_LANGUAGE_STANDARD = gnu99;
				GCC_DYNAMIC_NO_PIC = NO;
				GCC_NO_COMMON_BLOCKS = YES;
				GCC_OPTIMIZATION_LEVEL = 0;
				GCC_PREPROCESSOR_DEFINITIONS = (
					"DEBUG=1",
					"$(inherited)",
				);
				GCC_WARN_64_TO_32_BIT_CONVERSION = YES;
				GCC_WARN_ABOUT_RETURN_TYPE = YES_ERROR;
				GCC_WARN_UNDECLARED_SELECTOR = YES;
				GCC_WARN_UNINITIALIZED_AUTOS = YES_AGGRESSIVE;
				GCC_WARN_UNUSED_FUNCTION = YES;
				GCC_WARN_UNUSED_VARIABLE = YES;
				MACOSX_DEPLOYMENT_TARGET = 10.10;
				MTL_ENABLE_DEBUG_INFO = YES;
				ONLY_ACTIVE_ARCH = YES;
				SDKROOT = macosx;
			};
			name = Debug;
		};
		A24D26141BBCDA4D00CC1AB0 /* Release */ = {
			isa = XCBuildConfiguration;
			buildSettings = {
				ALWAYS_SEARCH_USER_PATHS = NO;
				CLANG_CXX_LANGUAGE_STANDARD = "gnu++0x";
				CLANG_CXX_LIBRARY = "libc++";
				CLANG_ENABLE_MODULES = YES;
				CLANG_ENABLE_OBJC_ARC = YES;
				CLANG_WARN_BOOL_CONVERSION = YES;
				CLANG_WARN_CONSTANT_CONVERSION = YES;
				CLANG_WARN_DIRECT_OBJC_ISA_USAGE = YES_ERROR;
				CLANG_WARN_EMPTY_BODY = YES;
				CLANG_WARN_ENUM_CONVERSION = YES;
				CLANG_WARN_INT_CONVERSION = YES;
				CLANG_WARN_OBJC_ROOT_CLASS = YES_ERROR;
				CLANG_WARN_UNREACHABLE_CODE = YES;
				CLANG_WARN__DUPLICATE_METHOD_MATCH = YES;
				COPY_PHASE_STRIP = NO;
				DEBUG_INFORMATION_FORMAT = "dwarf-with-dsym";
				ENABLE_NS_ASSERTIONS = NO;
				ENABLE_STRICT_OBJC_MSGSEND = YES;
				GCC_C_LANGUAGE_STANDARD = gnu99;
				GCC_NO_COMMON_BLOCKS = YES;
				GCC_WARN_64_TO_32_BIT_CONVERSION = YES;
				GCC_WARN_ABOUT_RETURN_TYPE = YES_ERROR;
				GCC_WARN_UNDECLARED_SELECTOR = YES;
				GCC_WARN_UNINITIALIZED_AUTOS = YES_AGGRESSIVE;
				GCC_WARN_UNUSED_FUNCTION = YES;
				GCC_WARN_UNUSED_VARIABLE = YES;
				MACOSX_DEPLOYMENT_TARGET = 10.10;
				MTL_ENABLE_DEBUG_INFO = NO;
				SDKROOT = macosx;
			};
			name = Release;
		};
		A24D26161BBCDA4D00CC1AB0 /* Debug */ = {
			isa = XCBuildConfiguration;
			buildSettings = {
				PRODUCT_NAME = "$(TARGET_NAME)";
			};
			name = Debug;
		};
		A24D26171BBCDA4D00CC1AB0 /* Release */ = {
			isa = XCBuildConfiguration;
			buildSettings = {
				PRODUCT_NAME = "$(TARGET_NAME)";
			};
			name = Release;
		};
/* End XCBuildConfiguration section */

/* Begin XCConfigurationList section */
		A24D26091BBCDA4D00CC1AB0 /* Build configuration list for PBXProject "PA01_two_humans" */ = {
			isa = XCConfigurationList;
			buildConfigurations = (
				A24D26131BBCDA4D00CC1AB0 /* Debug */,
				A24D26141BBCDA4D00CC1AB0 /* Release */,
			);
			defaultConfigurationIsVisible = 0;
			defaultConfigurationName = Release;
		};
		A24D26151BBCDA4D00CC1AB0 /* Build configuration list for PBXNativeTarget "PA01_two_humans" */ = {
			isa = XCConfigurationList;
			buildConfigurations = (
				A24D26161BBCDA4D00CC1AB0 /* Debug */,
				A24D26171BBCDA4D00CC1AB0 /* Release */,
			);
			defaultConfigurationIsVisible = 0;
		};
/* End XCConfigurationList section */
	};
	rootObject = A24D26061BBCDA4D00CC1AB0 /* Project object */;
}
